
Microsoft Visual Studio Solution File, Format Version 12.00
# Visual Studio Version 17
VisualStudioVersion = 17.1.32421.90
MinimumVisualStudioVersion = 10.0.40219.1
Project("{FAE04EC0-301F-11D3-BF4B-00C04F79EFBC}") = "Android_V0", "Android_V0.csproj", "{9E4007CD-1D8F-4909-BC32-9F3C83A6355E}"
EndProject
Project("{FAE04EC0-301F-11D3-BF4B-00C04F79EFBC}") = "YandexMapsImporter", "..\YandexMapsImporter\YandexMapsImporter.csproj", "{1E99CE77-F946-4E56-B079-D5B3AF96F167}"
EndProject
Global
	GlobalSection(SolutionConfigurationPlatforms) = preSolution
		Debug|Any CPU = Debug|Any CPU
		Release|Any CPU = Release|Any CPU
	EndGlobalSection
	GlobalSection(ProjectConfigurationPlatforms) = postSolution
		{9E4007CD-1D8F-4909-BC32-9F3C83A6355E}.Debug|Any CPU.ActiveCfg = Debug|Any CPU
		{9E4007CD-1D8F-4909-BC32-9F3C83A6355E}.Debug|Any CPU.Build.0 = Debug|Any CPU
		{9E4007CD-1D8F-4909-BC32-9F3C83A6355E}.Debug|Any CPU.Deploy.0 = Debug|Any CPU
		{9E4007CD-1D8F-4909-BC32-9F3C83A6355E}.Release|Any CPU.ActiveCfg = Release|Any CPU
		{9E4007CD-1D8F-4909-BC32-9F3C83A6355E}.Release|Any CPU.Build.0 = Release|Any CPU
		{9E4007CD-1D8F-4909-BC32-9F3C83A6355E}.Release|Any CPU.Deploy.0 = Release|Any CPU
		{1E99CE77-F946-4E56-B079-D5B3AF96F167}.Debug|Any CPU.ActiveCfg = Debug|Any CPU
		{1E99CE77-F946-4E56-B079-D5B3AF96F167}.Debug|Any CPU.Build.0 = Debug|Any CPU
		{1E99CE77-F946-4E56-B079-D5B3AF96F167}.Release|Any CPU.ActiveCfg = Release|Any CPU
		{1E99CE77-F946-4E56-B079-D5B3AF96F167}.Release|Any CPU.Build.0 = Release|Any CPU
	EndGlobalSection
	GlobalSection(SolutionProperties) = preSolution
		HideSolutionNode = FALSE
	EndGlobalSection
	GlobalSection(ExtensibilityGlobals) = postSolution
		SolutionGuid = {7A4DC184-73E7-4335-92C4-279968C0C11C}
	EndGlobalSection
EndGlobal
